
Microsoft Visual Studio Solution File, Format Version 12.00
# Visual Studio Version 17
VisualStudioVersion = 17.13.35825.156 d17.13
MinimumVisualStudioVersion = 10.0.40219.1
Project("{FAE04EC0-301F-11D3-BF4B-00C04F79EFBC}") = "exams supervisor", "exams supervisor\exams supervisor.csproj", "{FE6B3F62-E803-49F4-A0EE-669CA1F8A8F4}"
EndProject
Global
	GlobalSection(SolutionConfigurationPlatforms) = preSolution
		Debug|Any CPU = Debug|Any CPU
		Release|Any CPU = Release|Any CPU
	EndGlobalSection
	GlobalSection(ProjectConfigurationPlatforms) = postSolution
		{FE6B3F62-E803-49F4-A0EE-669CA1F8A8F4}.Debug|Any CPU.ActiveCfg = Debug|Any CPU
		{FE6B3F62-E803-49F4-A0EE-669CA1F8A8F4}.Debug|Any CPU.Build.0 = Debug|Any CPU
		{FE6B3F62-E803-49F4-A0EE-669CA1F8A8F4}.Release|Any CPU.ActiveCfg = Release|Any CPU
		{FE6B3F62-E803-49F4-A0EE-669CA1F8A8F4}.Release|Any CPU.Build.0 = Release|Any CPU
	EndGlobalSection
	GlobalSection(SolutionProperties) = preSolution
		HideSolutionNode = FALSE
	EndGlobalSection
	GlobalSection(ExtensibilityGlobals) = postSolution
		SolutionGuid = {EBA22850-0682-408D-849D-31BE69F5CD09}
	EndGlobalSection
EndGlobal
